
Microsoft Visual Studio Solution File, Format Version 12.00
# Visual Studio 15
VisualStudioVersion = 15.0.28010.2036
MinimumVisualStudioVersion = 10.0.40219.1
Project("{FAE04EC0-301F-11D3-BF4B-00C04F79EFBC}") = "WpfApp1", "WpfApp1\WpfApp1.csproj", "{11401B9B-AE6C-4AAA-BFB4-4D9A69B22D51}"
EndProject
Global
	GlobalSection(SolutionConfigurationPlatforms) = preSolution
		Debug|Any CPU = Debug|Any CPU
		Release|Any CPU = Release|Any CPU
	EndGlobalSection
	GlobalSection(ProjectConfigurationPlatforms) = postSolution
		{11401B9B-AE6C-4AAA-BFB4-4D9A69B22D51}.Debug|Any CPU.ActiveCfg = Debug|Any CPU
		{11401B9B-AE6C-4AAA-BFB4-4D9A69B22D51}.Debug|Any CPU.Build.0 = Debug|Any CPU
		{11401B9B-AE6C-4AAA-BFB4-4D9A69B22D51}.Release|Any CPU.ActiveCfg = Release|Any CPU
		{11401B9B-AE6C-4AAA-BFB4-4D9A69B22D51}.Release|Any CPU.Build.0 = Release|Any CPU
	EndGlobalSection
	GlobalSection(SolutionProperties) = preSolution
		HideSolutionNode = FALSE
	EndGlobalSection
	GlobalSection(ExtensibilityGlobals) = postSolution
		SolutionGuid = {F3ECEA28-D2D6-473D-AB39-127881FDEC72}
	EndGlobalSection
EndGlobal
